// !$*UTF8*$!
{
	archiveVersion = 1;
	classes = {
	};
	objectVersion = 50;
	objects = {

/* Begin PBXBuildFile section */
		845AE1E224E2E0FC008C5750 /* AppDelegate.swift in Sources */ = {isa = PBXBuildFile; fileRef = 845AE1E124E2E0FC008C5750 /* AppDelegate.swift */; };
		845AE1E424E2E0FC008C5750 /* SceneDelegate.swift in Sources */ = {isa = PBXBuildFile; fileRef = 845AE1E324E2E0FC008C5750 /* SceneDelegate.swift */; };
		845AE1E624E2E0FC008C5750 /* ContentView.swift in Sources */ = {isa = PBXBuildFile; fileRef = 845AE1E524E2E0FC008C5750 /* ContentView.swift */; };
		845AE1E824E2E100008C5750 /* Assets.xcassets in Resources */ = {isa = PBXBuildFile; fileRef = 845AE1E724E2E100008C5750 /* Assets.xcassets */; };
		845AE1EB24E2E100008C5750 /* Preview Assets.xcassets in Resources */ = {isa = PBXBuildFile; fileRef = 845AE1EA24E2E100008C5750 /* Preview Assets.xcassets */; };
		845AE1EE24E2E100008C5750 /* LaunchScreen.storyboard in Resources */ = {isa = PBXBuildFile; fileRef = 845AE1EC24E2E100008C5750 /* LaunchScreen.storyboard */; };
		845AE1F724E2E125008C5750 /* README.md in Resources */ = {isa = PBXBuildFile; fileRef = 845AE1F524E2E125008C5750 /* README.md */; };
		845AE1F824E2E125008C5750 /* LICENSE.md in Resources */ = {isa = PBXBuildFile; fileRef = 845AE1F624E2E125008C5750 /* LICENSE.md */; };
		845AE1FA24E2E1AE008C5750 /* SeekButton.swift in Sources */ = {isa = PBXBuildFile; fileRef = 845AE1F924E2E1AE008C5750 /* SeekButton.swift */; };
/* End PBXBuildFile section */

/* Begin PBXFileReference section */
		845AE1DE24E2E0FC008C5750 /* SeekButtonDemo.app */ = {isa = PBXFileReference; explicitFileType = wrapper.application; includeInIndex = 0; path = SeekButtonDemo.app; sourceTree = BUILT_PRODUCTS_DIR; };
		845AE1E124E2E0FC008C5750 /* AppDelegate.swift */ = {isa = PBXFileReference; lastKnownFileType = sourcecode.swift; path = AppDelegate.swift; sourceTree = "<group>"; };
		845AE1E324E2E0FC008C5750 /* SceneDelegate.swift */ = {isa = PBXFileReference; lastKnownFileType = sourcecode.swift; path = SceneDelegate.swift; sourceTree = "<group>"; };
		845AE1E524E2E0FC008C5750 /* ContentView.swift */ = {isa = PBXFileReference; lastKnownFileType = sourcecode.swift; path = ContentView.swift; sourceTree = "<group>"; };
		845AE1E724E2E100008C5750 /* Assets.xcassets */ = {isa = PBXFileReference; lastKnownFileType = folder.assetcatalog; path = Assets.xcassets; sourceTree = "<group>"; };
		845AE1EA24E2E100008C5750 /* Preview Assets.xcassets */ = {isa = PBXFileReference; lastKnownFileType = folder.assetcatalog; path = "Preview Assets.xcassets"; sourceTree = "<group>"; };
		845AE1ED24E2E100008C5750 /* Base */ = {isa = PBXFileReference; lastKnownFileType = file.storyboard; name = Base; path = Base.lproj/LaunchScreen.storyboard; sourceTree = "<group>"; };
		845AE1EF24E2E100008C5750 /* Info.plist */ = {isa = PBXFileReference; lastKnownFileType = text.plist.xml; path = Info.plist; sourceTree = "<group>"; };
		845AE1F524E2E125008C5750 /* README.md */ = {isa = PBXFileReference; fileEncoding = 4; lastKnownFileType = net.daringfireball.markdown; path = README.md; sourceTree = "<group>"; };
		845AE1F624E2E125008C5750 /* LICENSE.md */ = {isa = PBXFileReference; fileEncoding = 4; lastKnownFileType = net.daringfireball.markdown; path = LICENSE.md; sourceTree = "<group>"; };
		845AE1F924E2E1AE008C5750 /* SeekButton.swift */ = {isa = PBXFileReference; lastKnownFileType = sourcecode.swift; path = SeekButton.swift; sourceTree = "<group>"; };
/* End PBXFileReference section */

/* Begin PBXFrameworksBuildPhase section */
		845AE1DB24E2E0FC008C5750 /* Frameworks */ = {
			isa = PBXFrameworksBuildPhase;
			buildActionMask = 2147483647;
			files = (
			);
			runOnlyForDeploymentPostprocessing = 0;
		};
/* End PBXFrameworksBuildPhase section */

/* Begin PBXGroup section */
		845AE1D524E2E0FC008C5750 = {
			isa = PBXGroup;
			children = (
				845AE1F624E2E125008C5750 /* LICENSE.md */,
				845AE1F524E2E125008C5750 /* README.md */,
				845AE1E024E2E0FC008C5750 /* SeekButtonDemo */,
				845AE1DF24E2E0FC008C5750 /* Products */,
			);
			sourceTree = "<group>";
		};
		845AE1DF24E2E0FC008C5750 /* Products */ = {
			isa = PBXGroup;
			children = (
				845AE1DE24E2E0FC008C5750 /* SeekButtonDemo.app */,
			);
			name = Products;
			sourceTree = "<group>";
		};
		845AE1E024E2E0FC008C5750 /* SeekButtonDemo */ = {
			isa = PBXGroup;
			children = (
				845AE1E124E2E0FC008C5750 /* AppDelegate.swift */,
				845AE1E324E2E0FC008C5750 /* SceneDelegate.swift */,
				845AE1E524E2E0FC008C5750 /* ContentView.swift */,
				845AE1E724E2E100008C5750 /* Assets.xcassets */,
				845AE1EC24E2E100008C5750 /* LaunchScreen.storyboard */,
				845AE1EF24E2E100008C5750 /* Info.plist */,
				845AE1E924E2E100008C5750 /* Preview Content */,
				845AE1F924E2E1AE008C5750 /* SeekButton.swift */,
			);
			path = SeekButtonDemo;
			sourceTree = "<group>";
		};
		845AE1E924E2E100008C5750 /* Preview Content */ = {
			isa = PBXGroup;
			children = (
				845AE1EA24E2E100008C5750 /* Preview Assets.xcassets */,
			);
			path = "Preview Content";
			sourceTree = "<group>";
		};
/* End PBXGroup section */

/* Begin PBXNativeTarget section */
		845AE1DD24E2E0FC008C5750 /* SeekButtonDemo */ = {
			isa = PBXNativeTarget;
			buildConfigurationList = 845AE1F224E2E100008C5750 /* Build configuration list for PBXNativeTarget "SeekButtonDemo" */;
			buildPhases = (
				845AE1DA24E2E0FC008C5750 /* Sources */,
				845AE1DB24E2E0FC008C5750 /* Frameworks */,
				845AE1DC24E2E0FC008C5750 /* Resources */,
			);
			buildRules = (
			);
			dependencies = (
			);
			name = SeekButtonDemo;
			productName = SeekButtonDemo;
			productReference = 845AE1DE24E2E0FC008C5750 /* SeekButtonDemo.app */;
			productType = "com.apple.product-type.application";
		};
/* End PBXNativeTarget section */

/* Begin PBXProject section */
		845AE1D624E2E0FC008C5750 /* Project object */ = {
			isa = PBXProject;
			attributes = {
				LastSwiftUpdateCheck = 1160;
				LastUpgradeCheck = 1160;
				ORGANIZATIONNAME = "kodeba•se ltd";
				TargetAttributes = {
					845AE1DD24E2E0FC008C5750 = {
						CreatedOnToolsVersion = 11.6;
					};
				};
			};
			buildConfigurationList = 845AE1D924E2E0FC008C5750 /* Build configuration list for PBXProject "SeekButtonDemo" */;
			compatibilityVersion = "Xcode 9.3";
			developmentRegion = en;
			hasScannedForEncodings = 0;
			knownRegions = (
				en,
				Base,
			);
			mainGroup = 845AE1D524E2E0FC008C5750;
			productRefGroup = 845AE1DF24E2E0FC008C5750 /* Products */;
			projectDirPath = "";
			projectRoot = "";
			targets = (
				845AE1DD24E2E0FC008C5750 /* SeekButtonDemo */,
			);
		};
/* End PBXProject section */

/* Begin PBXResourcesBuildPhase section */
		845AE1DC24E2E0FC008C5750 /* Resources */ = {
			isa = PBXResourcesBuildPhase;
			buildActionMask = 2147483647;
			files = (
				845AE1F824E2E125008C5750 /* LICENSE.md in Resources */,
				845AE1EE24E2E100008C5750 /* LaunchScreen.storyboard in Resources */,
				845AE1EB24E2E100008C5750 /* Preview Assets.xcassets in Resources */,
				845AE1F724E2E125008C5750 /* README.md in Resources */,
				845AE1E824E2E100008C5750 /* Assets.xcassets in Resources */,
			);
			runOnlyForDeploymentPostprocessing = 0;
		};
/* End PBXResourcesBuildPhase section */

/* Begin PBXSourcesBuildPhase section */
		845AE1DA24E2E0FC008C5750 /* Sources */ = {
			isa = PBXSourcesBuildPhase;
			buildActionMask = 2147483647;
			files = (
				845AE1E224E2E0FC008C5750 /* AppDelegate.swift in Sources */,
				845AE1E424E2E0FC008C5750 /* SceneDelegate.swift in Sources */,
				845AE1E624E2E0FC008C5750 /* ContentView.swift in Sources */,
				845AE1FA24E2E1AE008C5750 /* SeekButton.swift in Sources */,
			);
			runOnlyForDeploymentPostprocessing = 0;
		};
/* End PBXSourcesBuildPhase section */

/* Begin PBXVariantGroup section */
		845AE1EC24E2E100008C5750 /* LaunchScreen.storyboard */ = {
			isa = PBXVariantGroup;
			children = (
				845AE1ED24E2E100008C5750 /* Base */,
			);
			name = LaunchScreen.storyboard;
			sourceTree = "<group>";
		};
/* End PBXVariantGroup section */

/* Begin XCBuildConfiguration section */
		845AE1F024E2E100008C5750 /* Debug */ = {
			isa = XCBuildConfiguration;
			buildSettings = {
				ALWAYS_SEARCH_USER_PATHS = NO;
				CLANG_ANALYZER_NONNULL = YES;
				CLANG_ANALYZER_NUMBER_OBJECT_CONVERSION = YES_AGGRESSIVE;
				CLANG_CXX_LANGUAGE_STANDARD = "gnu++14";
				CLANG_CXX_LIBRARY = "libc++";
				CLANG_ENABLE_MODULES = YES;
				CLANG_ENABLE_OBJC_ARC = YES;
				CLANG_ENABLE_OBJC_WEAK = YES;
				CLANG_WARN_BLOCK_CAPTURE_AUTORELEASING = YES;
				CLANG_WARN_BOOL_CONVERSION = YES;
				CLANG_WARN_COMMA = YES;
				CLANG_WARN_CONSTANT_CONVERSION = YES;
				CLANG_WARN_DEPRECATED_OBJC_IMPLEMENTATIONS = YES;
				CLANG_WARN_DIRECT_OBJC_ISA_USAGE = YES_ERROR;
				CLANG_WARN_DOCUMENTATION_COMMENTS = YES;
				CLANG_WARN_EMPTY_BODY = YES;
				CLANG_WARN_ENUM_CONVERSION = YES;
				CLANG_WARN_INFINITE_RECURSION = YES;
				CLANG_WARN_INT_CONVERSION = YES;
				CLANG_WARN_NON_LITERAL_NULL_CONVERSION = YES;
				CLANG_WARN_OBJC_IMPLICIT_RETAIN_SELF = YES;
				CLANG_WARN_OBJC_LITERAL_CONVERSION = YES;
				CLANG_WARN_OBJC_ROOT_CLASS = YES_ERROR;
				CLANG_WARN_RANGE_LOOP_ANALYSIS = YES;
				CLANG_WARN_STRICT_PROTOTYPES = YES;
				CLANG_WARN_SUSPICIOUS_MOVE = YES;
				CLANG_WARN_UNGUARDED_AVAILABILITY = YES_AGGRESSIVE;
				CLANG_WARN_UNREACHABLE_CODE = YES;
				CLANG_WARN__DUPLICATE_METHOD_MATCH = YES;
				COPY_PHASE_STRIP = NO;
				DEBUG_INFORMATION_FORMAT = dwarf;
				ENABLE_STRICT_OBJC_MSGSEND = YES;
				ENABLE_TESTABILITY = YES;
				GCC_C_LANGUAGE_STANDARD = gnu11;
				GCC_DYNAMIC_NO_PIC = NO;
				GCC_NO_COMMON_BLOCKS = YES;
				GCC_OPTIMIZATION_LEVEL = 0;
				GCC_PREPROCESSOR_DEFINITIONS = (
					"DEBUG=1",
					"$(inherited)",
				);
				GCC_WARN_64_TO_32_BIT_CONVERSION = YES;
				GCC_WARN_ABOUT_RETURN_TYPE = YES_ERROR;
				GCC_WARN_UNDECLARED_SELECTOR = YES;
				GCC_WARN_UNINITIALIZED_AUTOS = YES_AGGRESSIVE;
				GCC_WARN_UNUSED_FUNCTION = YES;
				GCC_WARN_UNUSED_VARIABLE = YES;
				IPHONEOS_DEPLOYMENT_TARGET = 13.6;
				MTL_ENABLE_DEBUG_INFO = INCLUDE_SOURCE;
				MTL_FAST_MATH = YES;
				ONLY_ACTIVE_ARCH = YES;
				SDKROOT = iphoneos;
				SWIFT_ACTIVE_COMPILATION_CONDITIONS = DEBUG;
				SWIFT_OPTIMIZATION_LEVEL = "-Onone";
			};
			name = Debug;
		};
		845AE1F124E2E100008C5750 /* Release */ = {
			isa = XCBuildConfiguration;
			buildSettings = {
				ALWAYS_SEARCH_USER_PATHS = NO;
				CLANG_ANALYZER_NONNULL = YES;
				CLANG_ANALYZER_NUMBER_OBJECT_CONVERSION = YES_AGGRESSIVE;
				CLANG_CXX_LANGUAGE_STANDARD = "gnu++14";
				CLANG_CXX_LIBRARY = "libc++";
				CLANG_ENABLE_MODULES = YES;
				CLANG_ENABLE_OBJC_ARC = YES;
				CLANG_ENABLE_OBJC_WEAK = YES;
				CLANG_WARN_BLOCK_CAPTURE_AUTORELEASING = YES;
				CLANG_WARN_BOOL_CONVERSION = YES;
				CLANG_WARN_COMMA = YES;
				CLANG_WARN_CONSTANT_CONVERSION = YES;
				CLANG_WARN_DEPRECATED_OBJC_IMPLEMENTATIONS = YES;
				CLANG_WARN_DIRECT_OBJC_ISA_USAGE = YES_ERROR;
				CLANG_WARN_DOCUMENTATION_COMMENTS = YES;
				CLANG_WARN_EMPTY_BODY = YES;
				CLANG_WARN_ENUM_CONVERSION = YES;
				CLANG_WARN_INFINITE_RECURSION = YES;
				CLANG_WARN_INT_CONVERSION = YES;
				CLANG_WARN_NON_LITERAL_NULL_CONVERSION = YES;
				CLANG_WARN_OBJC_IMPLICIT_RETAIN_SELF = YES;
				CLANG_WARN_OBJC_LITERAL_CONVERSION = YES;
				CLANG_WARN_OBJC_ROOT_CLASS = YES_ERROR;
				CLANG_WARN_RANGE_LOOP_ANALYSIS = YES;
				CLANG_WARN_STRICT_PROTOTYPES = YES;
				CLANG_WARN_SUSPICIOUS_MOVE = YES;
				CLANG_WARN_UNGUARDED_AVAILABILITY = YES_AGGRESSIVE;
				CLANG_WARN_UNREACHABLE_CODE = YES;
				CLANG_WARN__DUPLICATE_METHOD_MATCH = YES;
				COPY_PHASE_STRIP = NO;
				DEBUG_INFORMATION_FORMAT = "dwarf-with-dsym";
				ENABLE_NS_ASSERTIONS = NO;
				ENABLE_STRICT_OBJC_MSGSEND = YES;
				GCC_C_LANGUAGE_STANDARD = gnu11;
				GCC_NO_COMMON_BLOCKS = YES;
				GCC_WARN_64_TO_32_BIT_CONVERSION = YES;
				GCC_WARN_ABOUT_RETURN_TYPE = YES_ERROR;
				GCC_WARN_UNDECLARED_SELECTOR = YES;
				GCC_WARN_UNINITIALIZED_AUTOS = YES_AGGRESSIVE;
				GCC_WARN_UNUSED_FUNCTION = YES;
				GCC_WARN_UNUSED_VARIABLE = YES;
				IPHONEOS_DEPLOYMENT_TARGET = 13.6;
				MTL_ENABLE_DEBUG_INFO = NO;
				MTL_FAST_MATH = YES;
				SDKROOT = iphoneos;
				SWIFT_COMPILATION_MODE = wholemodule;
				SWIFT_OPTIMIZATION_LEVEL = "-O";
				VALIDATE_PRODUCT = YES;
			};
			name = Release;
		};
		845AE1F324E2E100008C5750 /* Debug */ = {
			isa = XCBuildConfiguration;
			buildSettings = {
				ASSETCATALOG_COMPILER_APPICON_NAME = AppIcon;
				CODE_SIGN_STYLE = Automatic;
				DEVELOPMENT_ASSET_PATHS = "\"SeekButtonDemo/Preview Content\"";
				DEVELOPMENT_TEAM = ZXSL9C2WJ7;
				ENABLE_PREVIEWS = YES;
				INFOPLIST_FILE = SeekButtonDemo/Info.plist;
				LD_RUNPATH_SEARCH_PATHS = (
					"$(inherited)",
					"@executable_path/Frameworks",
				);
				PRODUCT_BUNDLE_IDENTIFIER = com.kodebase.SeekButtonDemo;
				PRODUCT_NAME = "$(TARGET_NAME)";
				SWIFT_VERSION = 5.0;
				TARGETED_DEVICE_FAMILY = "1,2";
			};
			name = Debug;
		};
		845AE1F424E2E100008C5750 /* Release */ = {
			isa = XCBuildConfiguration;
			buildSettings = {
				ASSETCATALOG_COMPILER_APPICON_NAME = AppIcon;
				CODE_SIGN_STYLE = Automatic;
				DEVELOPMENT_ASSET_PATHS = "\"SeekButtonDemo/Preview Content\"";
				DEVELOPMENT_TEAM = ZXSL9C2WJ7;
				ENABLE_PREVIEWS = YES;
				INFOPLIST_FILE = SeekButtonDemo/Info.plist;
				LD_RUNPATH_SEARCH_PATHS = (
					"$(inherited)",
					"@executable_path/Frameworks",
				);
				PRODUCT_BUNDLE_IDENTIFIER = com.kodebase.SeekButtonDemo;
				PRODUCT_NAME = "$(TARGET_NAME)";
				SWIFT_VERSION = 5.0;
				TARGETED_DEVICE_FAMILY = "1,2";
			};
			name = Release;
		};
/* End XCBuildConfiguration section */

/* Begin XCConfigurationList section */
		845AE1D924E2E0FC008C5750 /* Build configuration list for PBXProject "SeekButtonDemo" */ = {
			isa = XCConfigurationList;
			buildConfigurations = (
				845AE1F024E2E100008C5750 /* Debug */,
				845AE1F124E2E100008C5750 /* Release */,
			);
			defaultConfigurationIsVisible = 0;
			defaultConfigurationName = Release;
		};
		845AE1F224E2E100008C5750 /* Build configuration list for PBXNativeTarget "SeekButtonDemo" */ = {
			isa = XCConfigurationList;
			buildConfigurations = (
				845AE1F324E2E100008C5750 /* Debug */,
				845AE1F424E2E100008C5750 /* Release */,
			);
			defaultConfigurationIsVisible = 0;
			defaultConfigurationName = Release;
		};
/* End XCConfigurationList section */
	};
	rootObject = 845AE1D624E2E0FC008C5750 /* Project object */;
}
